<?xml version="1.0" encoding="utf-8"?>
<Project ToolsVersion="4.0" xmlns="http://schemas.microsoft.com/developer/msbuild/2003">
  <ItemGroup>
    <Filter Include="Source Files">
      <UniqueIdentifier>{4FC737F1-C7A5-4376-A066-2A32D752A2FF}</UniqueIdentifier>
      <Extensions>cpp;c;cc;cxx;c++;cppm;ixx;def;odl;idl;hpj;bat;asm;asmx</Extensions>
    </Filter>
    <Filter Include="Header Files">
      <UniqueIdentifier>{93995380-89BD-4b04-88EB-625FBE52EBFB}</UniqueIdentifier>
      <Extensions>h;hh;hpp;hxx;h++;hm;inl;inc;ipp;xsd</Extensions>
    </Filter>
    <Filter Include="Resource Files">
      <UniqueIdentifier>{67DA6AB6-F800-4c08-8B7A-83BB121AAD01}</UniqueIdentifier>
      <Extensions>rc;ico;cur;bmp;dlg;rc2;rct;bin;rgs;gif;jpg;jpeg;jpe;resx;tiff;tif;png;wav;mfcribbon-ms</Extensions>
    </Filter>
    <Filter Include="Source Files\lib">
      <UniqueIdentifier>{a1ba2dcf-3909-4a6e-890a-d4675ef2124c}</UniqueIdentifier>
    </Filter>
    <Filter Include="Header Files\lib">
      <UniqueIdentifier>{fbc6ca0e-86e0-4961-b258-22537adbffd4}</UniqueIdentifier>
    </Filter>
    <Filter Include="Source Files\threading">
      <UniqueIdentifier>{e8996cc3-384a-405f-9a37-93fa9a5ce51e}</UniqueIdentifier>
    </Filter>
    <Filter Include="Header Files\sys">
      <UniqueIdentifier>{b7349428-07a7-4f18-b327-1aac663268bb}</UniqueIdentifier>
    </Filter>
    <Filter Include="Source Files\sys">
      <UniqueIdentifier>{065beef8-5f2e-4a63-930d-7069b61b6f21}</UniqueIdentifier>
    </Filter>
    <Filter Include="Header Files\ds">
      <UniqueIdentifier>{e2edf9bd-4943-4aea-a503-b7ecc9b62301}</UniqueIdentifier>
    </Filter>
    <Filter Include="Source Files\ds">
      <UniqueIdentifier>{0a59f290-43eb-4dc3-b08f-c2caef685ae8}</UniqueIdentifier>
    </Filter>
    <Filter Include="Header Files\math">
      <UniqueIdentifier>{defd809e-0ef3-4ff8-8a99-5fe756e5b08c}</UniqueIdentifier>
    </Filter>
    <Filter Include="Source Files\math">
      <UniqueIdentifier>{d23ba3ef-da43-489a-ad45-4545681465d3}</UniqueIdentifier>
    </Filter>
    <Filter Include="Header Files\thd">
      <UniqueIdentifier>{3ed7c146-92ac-4d4d-aced-d15307862848}</UniqueIdentifier>
    </Filter>
    <Filter Include="Header Files\test">
      <UniqueIdentifier>{f386cf67-5421-4522-acd3-ad143cd04642}</UniqueIdentifier>
    </Filter>
    <Filter Include="Source Files\test">
      <UniqueIdentifier>{93953d8f-42e5-4452-8c32-f0f6d5fae501}</UniqueIdentifier>
    </Filter>
  </ItemGroup>
  <ItemGroup>
    <ClCompile Include="main.c">
      <Filter>Source Files</Filter>
    </ClCompile>
    <ClCompile Include="..\lib\lz4\lz4.c">
      <Filter>Source Files\lib</Filter>
    </ClCompile>
    <ClCompile Include="..\lib\tlsf\tlsf.c">
      <Filter>Source Files\lib</Filter>
    </ClCompile>
    <ClCompile Include="thread.c">
      <Filter>Source Files\threading</Filter>
    </ClCompile>
    <ClCompile Include="mutex.c">
      <Filter>Source Files\threading</Filter>
    </ClCompile>
    <ClCompile Include="atomic.c">
      <Filter>Source Files\threading</Filter>
    </ClCompile>
    <ClCompile Include="event.c">
      <Filter>Source Files\threading</Filter>
    </ClCompile>
    <ClCompile Include="semaphore.c">
      <Filter>Source Files\threading</Filter>
    </ClCompile>
    <ClCompile Include="debug.c">
      <Filter>Source Files\sys</Filter>
    </ClCompile>
    <ClCompile Include="wm.c">
      <Filter>Source Files\sys</Filter>
    </ClCompile>
    <ClCompile Include="fs.c">
      <Filter>Source Files\sys</Filter>
    </ClCompile>
    <ClCompile Include="deque.c">
      <Filter>Source Files\ds</Filter>
    </ClCompile>
    <ClCompile Include="timer.c">
      <Filter>Source Files\sys</Filter>
    </ClCompile>
    <ClCompile Include="timer_object.c">
      <Filter>Source Files\sys</Filter>
    </ClCompile>
    <ClCompile Include="trace.c">
      <Filter>Source Files\sys</Filter>
    </ClCompile>
    <ClCompile Include="hashtable.c">
      <Filter>Source Files\ds</Filter>
    </ClCompile>
    <ClCompile Include="heap.c">
      <Filter>Source Files\sys</Filter>
    </ClCompile>
    <ClCompile Include="test.c">
      <Filter>Source Files\test</Filter>
    </ClCompile>
    <ClCompile Include="mat4f.c">
      <Filter>Source Files\math</Filter>
    </ClCompile>
    <ClCompile Include="quatf.c">
      <Filter>Source Files\math</Filter>
    </ClCompile>
  </ItemGroup>
  <ItemGroup>
    <ClInclude Include="..\lib\lz4\lz4.h">
      <Filter>Header Files\lib</Filter>
    </ClInclude>
    <ClInclude Include="..\lib\tlsf\tlsf.h">
      <Filter>Header Files\lib</Filter>
    </ClInclude>
    <ClInclude Include="atomic.h">
      <Filter>Header Files\thd</Filter>
    </ClInclude>
    <ClInclude Include="mutex.h">
      <Filter>Header Files\thd</Filter>
    </ClInclude>
    <ClInclude Include="semaphore.h">
      <Filter>Header Files\thd</Filter>
    </ClInclude>
    <ClInclude Include="thread.h">
      <Filter>Header Files\thd</Filter>
    </ClInclude>
    <ClInclude Include="event.h">
      <Filter>Header Files\thd</Filter>
    </ClInclude>
    <ClInclude Include="debug.h">
      <Filter>Header Files\sys</Filter>
    </ClInclude>
    <ClInclude Include="wm.h">
      <Filter>Header Files\sys</Filter>
    </ClInclude>
    <ClInclude Include="fs.h">
      <Filter>Header Files\sys</Filter>
    </ClInclude>
    <ClInclude Include="deque.h">
      <Filter>Header Files\ds</Filter>
    </ClInclude>
    <ClInclude Include="hashtable.h">
      <Filter>Header Files\ds</Filter>
    </ClInclude>
    <ClInclude Include="timer.h">
      <Filter>Header Files\sys</Filter>
    </ClInclude>
    <ClInclude Include="timer_object.h">
      <Filter>Header Files\sys</Filter>
    </ClInclude>
    <ClInclude Include="trace.h">
      <Filter>Header Files\sys</Filter>
    </ClInclude>
    <ClInclude Include="moremath.h">
      <Filter>Header Files\math</Filter>
    </ClInclude>
    <ClInclude Include="vec3f.h">
      <Filter>Header Files\math</Filter>
    </ClInclude>
    <ClInclude Include="mat4f.h">
      <Filter>Header Files\math</Filter>
    </ClInclude>
    <ClInclude Include="test.h">
      <Filter>Header Files\test</Filter>
    </ClInclude>
    <ClInclude Include="heap.h">
      <Filter>Header Files\sys</Filter>
    </ClInclude>
    <ClInclude Include="quatf.h">
      <Filter>Header Files\math</Filter>
    </ClInclude>
  </ItemGroup>
</Project>